# This file is automatically @generated by Poetry 2.2.1 and should not be changed by hand.

[[package]]
name = "asgiref"
version = "3.9.2"
description = "ASGI specs, helper code, and adapters"
optional = false
python-versions = ">=3.9"
groups = ["main"]
files = [
    {file = "asgiref-3.9.2-py3-none-any.whl", hash = "sha256:0b61526596219d70396548fc003635056856dba5d0d086f86476f10b33c75960"},
    {file = "asgiref-3.9.2.tar.gz", hash = "sha256:a0249afacb66688ef258ffe503528360443e2b9a8d8c4581b6ebefa58c841ef1"},
]

[package.extras]
tests = ["mypy (>=1.14.0)", "pytest", "pytest-asyncio"]

[[package]]
name = "django"
version = "5.2.6"
description = "A high-level Python web framework that encourages rapid development and clean, pragmatic design."
optional = false
python-versions = ">=3.10"
groups = ["main"]
files = [
    {file = "django-5.2.6-py3-none-any.whl", hash = "sha256:60549579b1174a304b77e24a93d8d9fafe6b6c03ac16311f3e25918ea5a20058"},
    {file = "django-5.2.6.tar.gz", hash = "sha256:da5e00372763193d73cecbf71084a3848458cecf4cee36b9a1e8d318d114a87b"},
]

[package.dependencies]
asgiref = ">=3.8.1"
sqlparse = ">=0.3.1"
tzdata = {version = "*", markers = "sys_platform == \"win32\""}

[package.extras]
argon2 = ["argon2-cffi (>=19.1.0)"]
bcrypt = ["bcrypt"]

[[package]]
name = "django-choices-field"
version = "3.1.0"
description = "Django field that set/get django's new TextChoices/IntegerChoices enum."
optional = false
python-versions = "<4.0,>=3.8"
groups = ["main"]
files = [
    {file = "django_choices_field-3.1.0-py3-none-any.whl", hash = "sha256:b7527fd3afab4216165636d2aa5cb830612f1c0e2530c807ee06fc17abbdacb5"},
    {file = "django_choices_field-3.1.0.tar.gz", hash = "sha256:865c81f3e494771f98fdc6bae3f1b5537212d08a26a3da9ecc8113010e73c8e7"},
]

[package.dependencies]
django = ">=3.2"
typing_extensions = ">=4.0.0"

[[package]]
name = "django-cors-headers"
version = "4.9.0"
description = "django-cors-headers is a Django application for handling the server headers required for Cross-Origin Resource Sharing (CORS)."
optional = false
python-versions = ">=3.9"
groups = ["main"]
files = [
    {file = "django_cors_headers-4.9.0-py3-none-any.whl", hash = "sha256:15c7f20727f90044dcee2216a9fd7303741a864865f0c3657e28b7056f61b449"},
    {file = "django_cors_headers-4.9.0.tar.gz", hash = "sha256:fe5d7cb59fdc2c8c646ce84b727ac2bca8912a247e6e68e1fb507372178e59e8"},
]

[package.dependencies]
asgiref = ">=3.6"
django = ">=4.2"

[[package]]
name = "django-environ"
version = "0.12.0"
description = "A package that allows you to utilize 12factor inspired environment variables to configure your Django application."
optional = false
python-versions = "<4,>=3.9"
groups = ["main"]
files = [
    {file = "django_environ-0.12.0-py2.py3-none-any.whl", hash = "sha256:92fb346a158abda07ffe6eb23135ce92843af06ecf8753f43adf9d2366dcc0ca"},
    {file = "django_environ-0.12.0.tar.gz", hash = "sha256:227dc891453dd5bde769c3449cf4a74b6f2ee8f7ab2361c93a07068f4179041a"},
]

[package.extras]
develop = ["coverage[toml] (>=5.0a4)", "furo (>=2024.8.6)", "pytest (>=4.6.11)", "setuptools (>=71.0.0)", "sphinx (>=5.0)", "sphinx-notfound-page"]
docs = ["furo (>=2024.8.6)", "sphinx (>=5.0)", "sphinx-notfound-page"]
testing = ["coverage[toml] (>=5.0a4)", "pytest (>=4.6.11)", "setuptools (>=71.0.0)"]

[[package]]
name = "graphql-core"
version = "3.2.6"
description = "GraphQL implementation for Python, a port of GraphQL.js, the JavaScript reference implementation for GraphQL."
optional = false
python-versions = "<4,>=3.6"
groups = ["main"]
files = [
    {file = "graphql_core-3.2.6-py3-none-any.whl", hash = "sha256:78b016718c161a6fb20a7d97bbf107f331cd1afe53e45566c59f776ed7f0b45f"},
    {file = "graphql_core-3.2.6.tar.gz", hash = "sha256:c08eec22f9e40f0bd61d805907e3b3b1b9a320bc606e23dc145eebca07c8fbab"},
]

[[package]]
name = "invoke"
version = "2.2.0"
description = "Pythonic task execution"
optional = false
python-versions = ">=3.6"
groups = ["main", "dev"]
files = [
    {file = "invoke-2.2.0-py3-none-any.whl", hash = "sha256:6ea924cc53d4f78e3d98bc436b08069a03077e6f85ad1ddaa8a116d7dad15820"},
    {file = "invoke-2.2.0.tar.gz", hash = "sha256:ee6cbb101af1a859c7fe84f2a264c059020b0cb7fe3535f9424300ab568f6bd5"},
]

[[package]]
name = "lia-web"
version = "0.2.3"
description = "A library for working with web frameworks"
optional = false
python-versions = ">=3.9"
groups = ["main"]
files = [
    {file = "lia_web-0.2.3-py3-none-any.whl", hash = "sha256:237c779c943cd4341527fc0adfcc3d8068f992ee051f4ef059b8474ee087f641"},
    {file = "lia_web-0.2.3.tar.gz", hash = "sha256:ccc9d24cdc200806ea96a20b22fb68f4759e6becdb901bd36024df7921e848d7"},
]

[package.dependencies]
typing-extensions = ">=4.14.0"

[[package]]
name = "packaging"
version = "25.0"
description = "Core utilities for Python packages"
optional = false
python-versions = ">=3.8"
groups = ["main"]
files = [
    {file = "packaging-25.0-py3-none-any.whl", hash = "sha256:29572ef2b1f17581046b3a2227d5c611fb25ec70ca1ba8554b24b0e69331a484"},
    {file = "packaging-25.0.tar.gz", hash = "sha256:d443872c98d677bf60f6a1f2f8c1cb748e8fe762d2bf9d3148b5599295b0fc4f"},
]

[[package]]
name = "python-dateutil"
version = "2.9.0.post0"
description = "Extensions to the standard Python datetime module"
optional = false
python-versions = "!=3.0.*,!=3.1.*,!=3.2.*,>=2.7"
groups = ["main"]
files = [
    {file = "python-dateutil-2.9.0.post0.tar.gz", hash = "sha256:37dd54208da7e1cd875388217d5e00ebd4179249f90fb72437e91a35459a0ad3"},
    {file = "python_dateutil-2.9.0.post0-py2.py3-none-any.whl", hash = "sha256:a8b2bc7bffae282281c8140a97d3aa9c14da0b136dfe83f850eea9a5f7470427"},
]

[package.dependencies]
six = ">=1.5"

[[package]]
name = "six"
version = "1.17.0"
description = "Python 2 and 3 compatibility utilities"
optional = false
python-versions = "!=3.0.*,!=3.1.*,!=3.2.*,>=2.7"
groups = ["main"]
files = [
    {file = "six-1.17.0-py2.py3-none-any.whl", hash = "sha256:4721f391ed90541fddacab5acf947aa0d3dc7d27b2e1e8eda2be8970586c3274"},
    {file = "six-1.17.0.tar.gz", hash = "sha256:ff70335d468e7eb6ec65b95b99d3a2836546063f63acc5171de367e834932a81"},
]

[[package]]
name = "sqlparse"
version = "0.5.3"
description = "A non-validating SQL parser."
optional = false
python-versions = ">=3.8"
groups = ["main"]
files = [
    {file = "sqlparse-0.5.3-py3-none-any.whl", hash = "sha256:cf2196ed3418f3ba5de6af7e82c694a9fbdbfecccdfc72e281548517081f16ca"},
    {file = "sqlparse-0.5.3.tar.gz", hash = "sha256:09f67787f56a0b16ecdbde1bfc7f5d9c3371ca683cfeaa8e6ff60b4807ec9272"},
]

[package.extras]
dev = ["build", "hatch"]
doc = ["sphinx"]

[[package]]
name = "strawberry-graphql"
version = "0.282.0"
description = "A library for creating GraphQL APIs"
optional = false
python-versions = "<4.0,>=3.9"
groups = ["main"]
files = [
    {file = "strawberry_graphql-0.282.0-py3-none-any.whl", hash = "sha256:6671cf90fd3630ae7d50aae2d8a06808ada6ce55d02ee01b7b7cba0026dfed18"},
    {file = "strawberry_graphql-0.282.0.tar.gz", hash = "sha256:f15610e4944210c15f83be814bfcd6ac1024b4293c18c9f4eee8345639795d1c"},
]

[package.dependencies]
graphql-core = ">=3.2.0,<3.4.0"
lia-web = ">=0.2.1"
packaging = ">=23"
python-dateutil = ">=2.7,<3.0"
typing-extensions = ">=4.5.0"

[package.extras]
aiohttp = ["aiohttp (>=3.7.4.post0,<4)"]
asgi = ["python-multipart (>=0.0.7)", "starlette (>=0.18.0)"]
chalice = ["chalice (>=1.22,<2.0)"]
channels = ["asgiref (>=3.2,<4.0)", "channels (>=3.0.5)"]
cli = ["libcst", "pygments (>=2.3,<3.0)", "rich (>=12.0.0)", "typer (>=0.7.0)"]
debug = ["libcst", "rich (>=12.0.0)"]
debug-server = ["libcst", "pygments (>=2.3,<3.0)", "python-multipart (>=0.0.7)", "rich (>=12.0.0)", "starlette (>=0.18.0)", "typer (>=0.7.0)", "uvicorn (>=0.11.6)", "websockets (>=15.0.1,<16)"]
django = ["Django (>=3.2)", "asgiref (>=3.2,<4.0)"]
fastapi = ["fastapi (>=0.65.2)", "python-multipart (>=0.0.7)"]
flask = ["flask (>=1.1)"]
litestar = ["litestar (>=2) ; python_version ~= \"3.10\""]
opentelemetry = ["opentelemetry-api (<2)", "opentelemetry-sdk (<2)"]
pydantic = ["pydantic (>1.6.1)"]
pyinstrument = ["pyinstrument (>=4.0.0)"]
quart = ["quart (>=0.19.3)"]
sanic = ["sanic (>=20.12.2)"]

[[package]]
name = "strawberry-graphql-django"
version = "0.65.1"
description = "Strawberry GraphQL Django extension"
optional = false
python-versions = "<4.0,>=3.9"
groups = ["main"]
files = [
    {file = "strawberry_graphql_django-0.65.1-py3-none-any.whl", hash = "sha256:e0a69af97c50deb07197641cd0b7320e25b5a3148a05ae6006d1bf5103530e85"},
    {file = "strawberry_graphql_django-0.65.1.tar.gz", hash = "sha256:de312b77d83ab475b875f76f44161e8c5d9d284f349df61cebc83b4362b57a17"},
]

[package.dependencies]
asgiref = ">=3.8"
django = ">=4.2"
strawberry-graphql = ">=0.276.2"

[package.extras]
debug-toolbar = ["django-debug-toolbar (>=3.4)"]
enum = ["django-choices-field (>=2.2.2)"]

[[package]]
name = "typing-extensions"
version = "4.15.0"
description = "Backported and Experimental Type Hints for Python 3.9+"
optional = false
python-versions = ">=3.9"
groups = ["main"]
files = [
    {file = "typing_extensions-4.15.0-py3-none-any.whl", hash = "sha256:f0fa19c6845758ab08074a0cfa8b7aecb71c999ca73d62883bc25cc018c4e548"},
    {file = "typing_extensions-4.15.0.tar.gz", hash = "sha256:0cea48d173cc12fa28ecabc3b837ea3cf6f38c6d1136f85cbaaf598984861466"},
]

[[package]]
name = "tzdata"
version = "2025.2"
description = "Provider of IANA time zone data"
optional = false
python-versions = ">=2"
groups = ["main"]
markers = "sys_platform == \"win32\""
files = [
    {file = "tzdata-2025.2-py2.py3-none-any.whl", hash = "sha256:1a403fada01ff9221ca8044d701868fa132215d84beb92242d9acd2147f667a8"},
    {file = "tzdata-2025.2.tar.gz", hash = "sha256:b60a638fcc0daffadf82fe0f57e53d06bdec2f36c4df66280ae79bce6bd6f2b9"},
]

[metadata]
lock-version = "2.1"
python-versions = "^3.11"
content-hash = "beb20899e26490d649756d8a5a089845532071b19ecb600a4215713d025231ec"
